
Microsoft Visual Studio Solution File, Format Version 12.00
# Visual Studio Version 17
VisualStudioVersion = 17.5.33516.290
MinimumVisualStudioVersion = 10.0.40219.1
Project("{FAE04EC0-301F-11D3-BF4B-00C04F79EFBC}") = "WindowsFormsApp8", "WindowsFormsApp8\WindowsFormsApp8.csproj", "{8BEBA96E-2F16-4E74-A2FD-651649F14694}"
EndProject
Global
	GlobalSection(SolutionConfigurationPlatforms) = preSolution
		Debug|Any CPU = Debug|Any CPU
		Release|Any CPU = Release|Any CPU
	EndGlobalSection
	GlobalSection(ProjectConfigurationPlatforms) = postSolution
		{8BEBA96E-2F16-4E74-A2FD-651649F14694}.Debug|Any CPU.ActiveCfg = Debug|Any CPU
		{8BEBA96E-2F16-4E74-A2FD-651649F14694}.Debug|Any CPU.Build.0 = Debug|Any CPU
		{8BEBA96E-2F16-4E74-A2FD-651649F14694}.Release|Any CPU.ActiveCfg = Release|Any CPU
		{8BEBA96E-2F16-4E74-A2FD-651649F14694}.Release|Any CPU.Build.0 = Release|Any CPU
	EndGlobalSection
	GlobalSection(SolutionProperties) = preSolution
		HideSolutionNode = FALSE
	EndGlobalSection
	GlobalSection(ExtensibilityGlobals) = postSolution
		SolutionGuid = {A35A3848-6437-4D68-B17C-7CC3C0197B8B}
	EndGlobalSection
EndGlobal
